version = 1
requires-python = ">=3.8"
resolution-markers = [
    "python_full_version >= '3.10'",
    "python_full_version == '3.9.*'",
    "python_full_version < '3.9'",
]

[[package]]
name = "objprint"
version = "0.2.3"
source = { registry = "https://pypi.tuna.tsinghua.edu.cn/simple" }
resolution-markers = [
    "python_full_version < '3.9'",
]
sdist = { url = "https://pypi.tuna.tsinghua.edu.cn/packages/90/21/9c8ad411320d2e6d37fe8a0f017d9baed6652a6b7732b31d44d8aa98a6f3/objprint-0.2.3.tar.gz", hash = "sha256:73d0ad5a7c3151fce634c8892e5c2a050ccae3b1a353bf1316f08b7854da863b", size = 45507 }
wheels = [
    { url = "https://pypi.tuna.tsinghua.edu.cn/packages/b2/d8/c514052dd125848a72b1013895e86557c7f6e04887b5b75f62b2fdbb3233/objprint-0.2.3-py3-none-any.whl", hash = "sha256:1721e6f97bae5c5b86c2716a0d45a9dd2c9a4cd9f52cfc8a0dfbe801805554cb", size = 39750 },
]

[[package]]
name = "objprint"
version = "0.3.0"
source = { registry = "https://pypi.tuna.tsinghua.edu.cn/simple" }
resolution-markers = [
    "python_full_version >= '3.10'",
    "python_full_version == '3.9.*'",
]
sdist = { url = "https://pypi.tuna.tsinghua.edu.cn/packages/81/b8/c10e96120f1585824a1992655334b49da3924edfb364e84a26cc0ecdb89b/objprint-0.3.0.tar.gz", hash = "sha256:b5d83f9d62db5b95353bb42959106e1cd43010dcaa3eed1ad8d7d0b2df9b2d5a", size = 47481 }
wheels = [
    { url = "https://pypi.tuna.tsinghua.edu.cn/packages/ec/af/572825252f16f36eeecbc8e3b721913d2640d69b984fdb8907aa8b4b0975/objprint-0.3.0-py3-none-any.whl", hash = "sha256:489083bfc8baf0526f8fd6af74673799511532636f0ce4141133255ded773405", size = 41619 },
]

[[package]]
name = "tree-sitter"
version = "0.21.3"
source = { registry = "https://pypi.tuna.tsinghua.edu.cn/simple" }
resolution-markers = [
    "python_full_version < '3.9'",
]
sdist = { url = "https://pypi.tuna.tsinghua.edu.cn/packages/39/9e/b7cb190aa08e4ea387f2b1531da03efb4b8b033426753c0b97e3698645f6/tree-sitter-0.21.3.tar.gz", hash = "sha256:b5de3028921522365aa864d95b3c41926e0ba6a85ee5bd000e10dc49b0766988", size = 155688 }
wheels = [
    { url = "https://pypi.tuna.tsinghua.edu.cn/packages/60/b3/5507348eee41af3abf537607779c87de9141fc41af5aa547ff5c1a87fcf6/tree_sitter-0.21.3-cp310-cp310-macosx_10_9_x86_64.whl", hash = "sha256:351f302b6615230c9dac9829f0ba20a94362cd658206ca9a7b2d58d73373dfb0", size = 133430 },
    { url = "https://pypi.tuna.tsinghua.edu.cn/packages/a5/24/05a76f662445ebdebd00e12bc4c9ebf974a559bb7f4863dc1def775add39/tree_sitter-0.21.3-cp310-cp310-macosx_11_0_arm64.whl", hash = "sha256:766e79ae1e61271e7fdfecf35b6401ad9b47fc07a0965ad78e7f97fddfdf47a6", size = 126087 },
    { url = "https://pypi.tuna.tsinghua.edu.cn/packages/64/74/2c9dc1acb4c43b9c15765ab0fb4babb76e49e8198889dfc730bc1e906a82/tree_sitter-0.21.3-cp310-cp310-manylinux_2_17_aarch64.manylinux2014_aarch64.whl", hash = "sha256:2c4d3d4d4b44857e87de55302af7f2d051c912c466ef20e8f18158e64df3542a", size = 485385 },
    { url = "https://pypi.tuna.tsinghua.edu.cn/packages/06/a3/9f65bcb73947bf4d16e816fa547e1edfe411a530ff3370c1ae10c5bc21d8/tree_sitter-0.21.3-cp310-cp310-manylinux_2_17_x86_64.manylinux2014_x86_64.whl", hash = "sha256:84eedb06615461b9e2847be7c47b9c5f2195d7d66d31b33c0a227eff4e0a0199", size = 496711 },
    { url = "https://pypi.tuna.tsinghua.edu.cn/packages/88/68/c916a2669ff92f8e66d519d5df20d36e0eac0dd178a77169ae8c8a7c3e08/tree_sitter-0.21.3-cp310-cp310-musllinux_1_1_aarch64.whl", hash = "sha256:9d33ea425df8c3d6436926fe2991429d59c335431bf4e3c71e77c17eb508be5a", size = 481965 },
    { url = "https://pypi.tuna.tsinghua.edu.cn/packages/42/6e/b8bf5f75fc6485a429e2b6f71aaed2666dba483b875fbd76a7b007f85073/tree_sitter-0.21.3-cp310-cp310-musllinux_1_1_x86_64.whl", hash = "sha256:fae1ee0ff6d85e2fd5cd8ceb9fe4af4012220ee1e4cbe813305a316caf7a6f63", size = 492782 },
    { url = "https://pypi.tuna.tsinghua.edu.cn/packages/16/bf/c6ee8d9287846912f427e1d8f1f7266e612a1d6ba161517c793e83f620cf/tree_sitter-0.21.3-cp310-cp310-win_amd64.whl", hash = "sha256:bb41be86a987391f9970571aebe005ccd10222f39c25efd15826583c761a37e5", size = 109732 },
    { url = "https://pypi.tuna.tsinghua.edu.cn/packages/63/b5/72657d5874d7f0a722c0288f04e5e2bc33d7715b13a858885b6593047dce/tree_sitter-0.21.3-cp311-cp311-macosx_10_9_x86_64.whl", hash = "sha256:54b22c3c2aab3e3639a4b255d9df8455da2921d050c4829b6a5663b057f10db5", size = 133429 },
    { url = "https://pypi.tuna.tsinghua.edu.cn/packages/d3/64/c5d397efbb6d0dbed4254cd2ca389ed186a2e1e7e32661059f6eeaaf6424/tree_sitter-0.21.3-cp311-cp311-macosx_11_0_arm64.whl", hash = "sha256:ab6e88c1e2d5e84ff0f9e5cd83f21b8e5074ad292a2cf19df3ba31d94fbcecd4", size = 126088 },
    { url = "https://pypi.tuna.tsinghua.edu.cn/packages/ba/88/941669acc140f94e6c6196d6d8676ac4cd57c3b3fbc1ee61bb11c1b2da71/tree_sitter-0.21.3-cp311-cp311-manylinux_2_17_aarch64.manylinux2014_aarch64.whl", hash = "sha256:fc3fd34ed4cd5db445bc448361b5da46a2a781c648328dc5879d768f16a46771", size = 487879 },
    { url = "https://pypi.tuna.tsinghua.edu.cn/packages/29/4e/798154f2846d620bf9fa3bc244e056d4858f2108f834656bf9f1219d4f30/tree_sitter-0.21.3-cp311-cp311-manylinux_2_17_x86_64.manylinux2014_x86_64.whl", hash = "sha256:fabc7182f6083269ce3cfcad202fe01516aa80df64573b390af6cd853e8444a1", size = 498776 },
    { url = "https://pypi.tuna.tsinghua.edu.cn/packages/6e/d1/05ea77487bc7a3946d0e80fb6c5cb61515953f5e7a4f6804b98e113ed4b0/tree_sitter-0.21.3-cp311-cp311-musllinux_1_1_aarch64.whl", hash = "sha256:4f874c3f7d2a2faf5c91982dc7d88ff2a8f183a21fe475c29bee3009773b0558", size = 483348 },
    { url = "https://pypi.tuna.tsinghua.edu.cn/packages/42/fa/bf938e7c6afbc368d503deeda060891c3dba57e2d1166e4b884271f55616/tree_sitter-0.21.3-cp311-cp311-musllinux_1_1_x86_64.whl", hash = "sha256:ee61ee3b7a4eedf9d8f1635c68ba4a6fa8c46929601fc48a907c6cfef0cfbcb2", size = 493757 },
    { url = "https://pypi.tuna.tsinghua.edu.cn/packages/1d/a7/98da36a6eab22f5729989c9e0137b1b04cbe368d1e024fccd72c0b00719b/tree_sitter-0.21.3-cp311-cp311-win_amd64.whl", hash = "sha256:0b7256c723642de1c05fbb776b27742204a2382e337af22f4d9e279d77df7aa2", size = 109735 },
    { url = "https://pypi.tuna.tsinghua.edu.cn/packages/81/e1/cceb06eae617a6bf5eeeefa9813d9fd57d89b50f526ce02486a336bcd2a9/tree_sitter-0.21.3-cp312-cp312-macosx_10_9_x86_64.whl", hash = "sha256:669b3e5a52cb1e37d60c7b16cc2221c76520445bb4f12dd17fd7220217f5abf3", size = 133640 },
    { url = "https://pypi.tuna.tsinghua.edu.cn/packages/f6/ce/ac14e5cbb0f30b7bd338122491ee2b8e6c0408cfe26741cbd66fa9b53d35/tree_sitter-0.21.3-cp312-cp312-macosx_11_0_arm64.whl", hash = "sha256:2aa2a5099a9f667730ff26d57533cc893d766667f4d8a9877e76a9e74f48f0d3", size = 125954 },
    { url = "https://pypi.tuna.tsinghua.edu.cn/packages/c2/df/76dbf830126e566c48db0d1bf2bef3f9d8cac938302a9b0f762ded8206c2/tree_sitter-0.21.3-cp312-cp312-manylinux_2_17_aarch64.manylinux2014_aarch64.whl", hash = "sha256:6a3e06ae2a517cf6f1abb682974f76fa760298e6d5a3ecf2cf140c70f898adf0", size = 490092 },
    { url = "https://pypi.tuna.tsinghua.edu.cn/packages/ec/87/0c3593552cb0d09ab6271d37fc0e6a9476919d2a975661d709d4b3289fc7/tree_sitter-0.21.3-cp312-cp312-manylinux_2_17_x86_64.manylinux2014_x86_64.whl", hash = "sha256:af992dfe08b4fefcfcdb40548d0d26d5d2e0a0f2d833487372f3728cd0772b48", size = 502155 },
    { url = "https://pypi.tuna.tsinghua.edu.cn/packages/05/92/b2cb22cf52c18fcc95662897f380cf230c443dfc9196b872aad5948b7bb3/tree_sitter-0.21.3-cp312-cp312-musllinux_1_1_aarch64.whl", hash = "sha256:c7cbab1dd9765138505c4a55e2aa857575bac4f1f8a8b0457744a4fefa1288e6", size = 486020 },
    { url = "https://pypi.tuna.tsinghua.edu.cn/packages/4a/ea/69b543538a46d763f3e787234d1617b718ab90f32ffa676ca856f1d9540e/tree_sitter-0.21.3-cp312-cp312-musllinux_1_1_x86_64.whl", hash = "sha256:e1e66aeb457d1529370fcb0997ae5584c6879e0e662f1b11b2f295ea57e22f54", size = 496348 },
    { url = "https://pypi.tuna.tsinghua.edu.cn/packages/eb/4f/df4ea84476443021707b537217c32147ccccbc3e10c17b216a969991e1b3/tree_sitter-0.21.3-cp312-cp312-win_amd64.whl", hash = "sha256:013c750252dc3bd0e069d82e9658de35ed50eecf31c6586d0de7f942546824c5", size = 109771 },
    { url = "https://pypi.tuna.tsinghua.edu.cn/packages/a9/08/3a2faaca576eca4ba9d25ff54f5e3c9fe7bdde7b748208dad7c033106f77/tree_sitter-0.21.3-cp38-cp38-macosx_10_9_x86_64.whl", hash = "sha256:4986a8cb4acebd168474ec2e5db440e59c7888819b3449a43ce8b17ed0331b07", size = 133680 },
    { url = "https://pypi.tuna.tsinghua.edu.cn/packages/d4/9c/0465da56c8ca82a366d08f62be21df61f86116fd63dd70fb9bb94c67b21c/tree_sitter-0.21.3-cp38-cp38-macosx_11_0_arm64.whl", hash = "sha256:6e217fee2e7be7dbce4496caa3d1c466977d7e81277b677f954d3c90e3272ec2", size = 126286 },
    { url = "https://pypi.tuna.tsinghua.edu.cn/packages/81/aa/28c6e2ee7506b6627ba5a35dcfa9042043a32d14cecb5bc7d8fa6f0a1441/tree_sitter-0.21.3-cp38-cp38-manylinux_2_17_aarch64.manylinux2014_aarch64.whl", hash = "sha256:f32a88afff4f2bc0f20632b0a2aa35fa9ae7d518f083409eca253518e0950929", size = 493104 },
    { url = "https://pypi.tuna.tsinghua.edu.cn/packages/ec/19/5e964315acf83dc84ddf7d1abadda3d7950a743247cb331c6dea0664fd9f/tree_sitter-0.21.3-cp38-cp38-manylinux_2_17_x86_64.manylinux2014_x86_64.whl", hash = "sha256:f3652ac9e47cdddf213c5d5d6854194469097e62f7181c0a9aa8435449a163a9", size = 503895 },
    { url = "https://pypi.tuna.tsinghua.edu.cn/packages/55/fe/bb1ef3feb6e11ff7feefe423fbb833ede7b42f20dd7742cfa7b163d6127a/tree_sitter-0.21.3-cp38-cp38-musllinux_1_1_aarch64.whl", hash = "sha256:60b4df3298ff467bc01e2c0f6c2fb43aca088038202304bf8e41edd9fa348f45", size = 490926 },
    { url = "https://pypi.tuna.tsinghua.edu.cn/packages/b8/05/dffdba16b6d2295c24e51a812481fe27907213415b306f99b84c1b518506/tree_sitter-0.21.3-cp38-cp38-musllinux_1_1_x86_64.whl", hash = "sha256:00e4d0c99dff595398ef5e88a1b1ddd53adb13233fb677c1fd8e497fb2361629", size = 499248 },
    { url = "https://pypi.tuna.tsinghua.edu.cn/packages/cf/67/8a83076e07e57f809bf308973aac5c21f8a2e5757ddd3429a14986a76405/tree_sitter-0.21.3-cp38-cp38-win_amd64.whl", hash = "sha256:50c91353a26946e4dd6779837ecaf8aa123aafa2d3209f261ab5280daf0962f5", size = 110055 },
    { url = "https://pypi.tuna.tsinghua.edu.cn/packages/29/ea/2f848cf720dce4835388f30dca377bee9054461c51cdd0340c82e2d2fe32/tree_sitter-0.21.3-cp39-cp39-macosx_10_9_x86_64.whl", hash = "sha256:b17b8648b296ccc21a88d72ca054b809ee82d4b14483e419474e7216240ea278", size = 133664 },
    { url = "https://pypi.tuna.tsinghua.edu.cn/packages/9e/33/db09a0b0f7ca96bbf53e2a5c024bc1f0a138babb2f4472b4954627778d79/tree_sitter-0.21.3-cp39-cp39-macosx_11_0_arm64.whl", hash = "sha256:f2f057fd01d3a95cbce6794c6e9f6db3d376cb3bb14e5b0528d77f0ec21d6478", size = 126419 },
    { url = "https://pypi.tuna.tsinghua.edu.cn/packages/4f/22/e01759e2303dc9db719f9985d6e980ddd24ac2a9136d5d06ee7c7e13f25a/tree_sitter-0.21.3-cp39-cp39-manylinux_2_17_aarch64.manylinux2014_aarch64.whl", hash = "sha256:839759de30230ffd60687edbb119b31521d5ac016749358e5285816798bb804a", size = 487811 },
    { url = "https://pypi.tuna.tsinghua.edu.cn/packages/0a/5d/afef7068b7eb3f5b50b4c0ae0fff43511f37263876dbb487158b22f89bfb/tree_sitter-0.21.3-cp39-cp39-manylinux_2_17_x86_64.manylinux2014_x86_64.whl", hash = "sha256:5df40aa29cb7e323898194246df7a03b9676955a0ac1f6bce06bc4903a70b5f7", size = 498473 },
    { url = "https://pypi.tuna.tsinghua.edu.cn/packages/44/f1/18534c57d8e0bbaae6fe0d00d7e4ae3394b0be0b2b94b6aba370cdbd3be6/tree_sitter-0.21.3-cp39-cp39-musllinux_1_1_aarch64.whl", hash = "sha256:1d9be27dde007b569fa78ff9af5fe40d2532c998add9997a9729e348bb78fa59", size = 484418 },
    { url = "https://pypi.tuna.tsinghua.edu.cn/packages/b0/57/f2b16d902e808ccf99740da2cf199043e12783692fe631e857259fbe279f/tree_sitter-0.21.3-cp39-cp39-musllinux_1_1_x86_64.whl", hash = "sha256:c4ac87735e6f98fe085244c7c020f0177d13d4c117db72ba041faa980d25d69d", size = 494421 },
    { url = "https://pypi.tuna.tsinghua.edu.cn/packages/44/cc/ceef3adeeb998578eaf199632b64e34a6cb2f8186e3856c9796d4671a84e/tree_sitter-0.21.3-cp39-cp39-win_amd64.whl", hash = "sha256:fbbd137f7d9a5309fb4cb82e2c3250ba101b0dd08a8abdce815661e6cf2cbc19", size = 110032 },
]

[[package]]
name = "tree-sitter"
version = "0.23.2"
source = { registry = "https://pypi.tuna.tsinghua.edu.cn/simple" }
resolution-markers = [
    "python_full_version == '3.9.*'",
]
sdist = { url = "https://pypi.tuna.tsinghua.edu.cn/packages/0f/50/fd5fafa42b884f741b28d9e6fd366c3f34e15d2ed3aa9633b34e388379e2/tree-sitter-0.23.2.tar.gz", hash = "sha256:66bae8dd47f1fed7bdef816115146d3a41c39b5c482d7bad36d9ba1def088450", size = 166800 }
wheels = [
    { url = "https://pypi.tuna.tsinghua.edu.cn/packages/91/04/2068a7b725265ecfcbf63ecdae038f1d4124ebccd55b8a7ce145b70e2b6a/tree_sitter-0.23.2-cp310-cp310-macosx_10_9_x86_64.whl", hash = "sha256:3a937f5d8727bc1c74c4bf2a9d1c25ace049e8628273016ad0d45914ae904e10", size = 139289 },
    { url = "https://pypi.tuna.tsinghua.edu.cn/packages/a8/07/a5b943121f674fe1ac77694a698e71ce95353830c1f3f4ce45da7ef3e406/tree_sitter-0.23.2-cp310-cp310-macosx_11_0_arm64.whl", hash = "sha256:2c7eae7fe2af215645a38660d2d57d257a4c461fe3ec827cca99a79478284e80", size = 132379 },
    { url = "https://pypi.tuna.tsinghua.edu.cn/packages/d4/96/fcc72c33d464a2d722db1e95b74a53ced771a47b3cfde60aced29764a783/tree_sitter-0.23.2-cp310-cp310-manylinux_2_17_aarch64.manylinux2014_aarch64.whl", hash = "sha256:3a71d607595270b6870eaf778a1032d146b2aa79bfcfa60f57a82a7b7584a4c7", size = 552884 },
    { url = "https://pypi.tuna.tsinghua.edu.cn/packages/d0/af/b0e787a52767155b4643a55d6de03c1e4ae77abb61e1dc1629ad983e0a40/tree_sitter-0.23.2-cp310-cp310-manylinux_2_17_x86_64.manylinux2014_x86_64.whl", hash = "sha256:6fe9b9ea7a0aa23b52fd97354da95d1b2580065bc12a4ac868f9164a127211d6", size = 566561 },
    { url = "https://pypi.tuna.tsinghua.edu.cn/packages/65/fd/05e966b5317b1c6679c071c5b0203f28af9d26c9363700cb9682e1bcf343/tree_sitter-0.23.2-cp310-cp310-musllinux_1_2_aarch64.whl", hash = "sha256:d74d00a8021719eae14d10d1b1e28649e15d8b958c01c2b2c3dad7a2ebc4dbae", size = 558273 },
    { url = "https://pypi.tuna.tsinghua.edu.cn/packages/60/bc/19145efdf3f47711aa3f1bf06f0b50593f97f1108550d38694841fd97b7c/tree_sitter-0.23.2-cp310-cp310-musllinux_1_2_x86_64.whl", hash = "sha256:6de18d8d8a7f67ab71f472d1fcb01cc506e080cbb5e13d52929e4b6fdce6bbee", size = 569176 },
    { url = "https://pypi.tuna.tsinghua.edu.cn/packages/32/08/3553d8e488ae9284a0762effafb7d2639a306e184963b7f99853923084d6/tree_sitter-0.23.2-cp310-cp310-win_amd64.whl", hash = "sha256:12b60dca70d2282af942b650a6d781be487485454668c7c956338a367b98cdee", size = 117902 },
    { url = "https://pypi.tuna.tsinghua.edu.cn/packages/1d/39/836fa485e985c33e8aa1cc3abbf7a84be1c2c382e69547a765631fdd7ce3/tree_sitter-0.23.2-cp310-cp310-win_arm64.whl", hash = "sha256:3346a4dd0447a42aabb863443b0fd8c92b909baf40ed2344fae4b94b625d5955", size = 102644 },
    { url = "https://pypi.tuna.tsinghua.edu.cn/packages/55/8d/2d4fb04408772be0919441d66f700673ce7cb76b9ab6682e226d740fb88d/tree_sitter-0.23.2-cp311-cp311-macosx_10_9_x86_64.whl", hash = "sha256:91fda41d4f8824335cc43c64e2c37d8089c8c563bd3900a512d2852d075af719", size = 139142 },
    { url = "https://pypi.tuna.tsinghua.edu.cn/packages/32/52/b8a44bfff7b0203256e5dbc8d3a372ee8896128b8ed7d3a89e1ef17b2065/tree_sitter-0.23.2-cp311-cp311-macosx_11_0_arm64.whl", hash = "sha256:92b2b489d5ce54b41f94c6f23fbaf592bd6e84dc2877048fd1cb060480fa53f7", size = 132198 },
    { url = "https://pypi.tuna.tsinghua.edu.cn/packages/5d/54/746f2ee5acf6191a4a0be7f5843329f0d713bfe5196f5fc6fe2ea69cb44c/tree_sitter-0.23.2-cp311-cp311-manylinux_2_17_aarch64.manylinux2014_aarch64.whl", hash = "sha256:64859bd4aa1567d0d6016a811b2b49c59d4a4427d096e3d8c84b2521455f62b7", size = 554303 },
    { url = "https://pypi.tuna.tsinghua.edu.cn/packages/2f/5a/3169d9933be813776a9b4b3f2e671d3d50fa27e589dee5578f6ecef7ff6d/tree_sitter-0.23.2-cp311-cp311-manylinux_2_17_x86_64.manylinux2014_x86_64.whl", hash = "sha256:614590611636044e071d3a0b748046d52676dbda3bc9fa431216231e11dd98f7", size = 567626 },
    { url = "https://pypi.tuna.tsinghua.edu.cn/packages/32/0d/23f363b3b0bc3fa0e7a4a294bf119957ac1ab02737d57815e1e8b7b3e196/tree_sitter-0.23.2-cp311-cp311-musllinux_1_2_aarch64.whl", hash = "sha256:08466953c78ae57be61057188fb88c89791b0a562856010228e0ccf60e2ac453", size = 559803 },
    { url = "https://pypi.tuna.tsinghua.edu.cn/packages/6f/b3/1ffba0f17a7ff2c9114d91a1ecc15e0748f217817797564d31fbb61d7458/tree_sitter-0.23.2-cp311-cp311-musllinux_1_2_x86_64.whl", hash = "sha256:8a33f03a562de91f7fd05eefcedd8994a06cd44c62f7aabace811ad82bc11cbd", size = 570987 },
    { url = "https://pypi.tuna.tsinghua.edu.cn/packages/59/4b/085bcb8a11ea18003aacc4dbc91c301d1536c5e2deedb95393e8ef26f1f7/tree_sitter-0.23.2-cp311-cp311-win_amd64.whl", hash = "sha256:03b70296b569ef64f7b92b42ca5da9bf86d81bee2afd480bea35092687f51dae", size = 117771 },
    { url = "https://pypi.tuna.tsinghua.edu.cn/packages/4b/e5/90adc4081f49ccb6bea89a800dc9b0dcc5b6953b0da423e8eff28f63fddf/tree_sitter-0.23.2-cp311-cp311-win_arm64.whl", hash = "sha256:7cb4bb953ea7c0b50eeafc4454783e030357179d2a93c3dd5ebed2da5588ddd0", size = 102555 },
    { url = "https://pypi.tuna.tsinghua.edu.cn/packages/07/a7/57e0fe87b49a78c670a7b4483f70e44c000c65c29b138001096b22e7dd87/tree_sitter-0.23.2-cp312-cp312-macosx_10_13_x86_64.whl", hash = "sha256:a014498b6a9e6003fae8c6eb72f5927d62da9dcb72b28b3ce8cd15c6ff6a6572", size = 139259 },
    { url = "https://pypi.tuna.tsinghua.edu.cn/packages/b4/b9/bc8513d818ffb54993a017a36c8739300bc5739a13677acf90b54995e7db/tree_sitter-0.23.2-cp312-cp312-macosx_11_0_arm64.whl", hash = "sha256:04f8699b131d4bcbe3805c37e4ef3d159ee9a82a0e700587625623999ba0ea53", size = 131951 },
    { url = "https://pypi.tuna.tsinghua.edu.cn/packages/d7/6a/eab01bb6b1ce3c9acf16d72922ffc29a904af485eb3e60baf3a3e04edd30/tree_sitter-0.23.2-cp312-cp312-manylinux_2_17_aarch64.manylinux2014_aarch64.whl", hash = "sha256:4471577df285059c71686ecb208bc50fb472099b38dcc8e849b0e86652891e87", size = 557952 },
    { url = "https://pypi.tuna.tsinghua.edu.cn/packages/bd/95/f2f73332623cf63200d57800f85273170bc5f99d28ea3f234afd5b0048df/tree_sitter-0.23.2-cp312-cp312-manylinux_2_17_x86_64.manylinux2014_x86_64.whl", hash = "sha256:f342c925290dd4e20ecd5787ef7ae8749981597ab364783a1eb73173efe65226", size = 571199 },
    { url = "https://pypi.tuna.tsinghua.edu.cn/packages/04/ac/bd6e6cfdd0421156e86f5c93848629af1c7323083077e1a95b27d32d5811/tree_sitter-0.23.2-cp312-cp312-musllinux_1_2_aarch64.whl", hash = "sha256:a4e9e53d07dd076bede72e4f7d3a0173d7b9ad6576572dd86da008a740a9bb22", size = 562129 },
    { url = "https://pypi.tuna.tsinghua.edu.cn/packages/7b/bd/8a9edcbcf8a76b0bf58e3b927ed291e3598e063d56667367762833cc8709/tree_sitter-0.23.2-cp312-cp312-musllinux_1_2_x86_64.whl", hash = "sha256:8caebe65bc358759dac2500d8f8feed3aed939c4ade9a684a1783fe07bc7d5db", size = 574307 },
    { url = "https://pypi.tuna.tsinghua.edu.cn/packages/0c/c2/3fb2c6c0ae2f59a7411dc6d3e7945e3cb6f34c8552688708acc8b2b13f83/tree_sitter-0.23.2-cp312-cp312-win_amd64.whl", hash = "sha256:fc5a72eb50d43485000dbbb309acb350467b7467e66dc747c6bb82ce63041582", size = 117858 },
    { url = "https://pypi.tuna.tsinghua.edu.cn/packages/e2/18/4ca2c0f4a0c802ebcb3a92264cc436f1d54b394fa24dfa76bf57cdeaca9e/tree_sitter-0.23.2-cp312-cp312-win_arm64.whl", hash = "sha256:a0320eb6c7993359c5f7b371d22719ccd273f440d41cf1bd65dac5e9587f2046", size = 102496 },
    { url = "https://pypi.tuna.tsinghua.edu.cn/packages/ba/c6/4ead9ce3113a7c27f37a2bdef163c09757efbaa85adbdfe7b3fbf0317c57/tree_sitter-0.23.2-cp313-cp313-macosx_10_13_x86_64.whl", hash = "sha256:eff630dddee7ba05accb439b17e559e15ce13f057297007c246237ceb6306332", size = 139266 },
    { url = "https://pypi.tuna.tsinghua.edu.cn/packages/76/c9/b4197c5b0c1d6ba648202a547846ac910a53163b69a459504b2aa6cdb76e/tree_sitter-0.23.2-cp313-cp313-macosx_11_0_arm64.whl", hash = "sha256:4780ba8f3894f2dea869fad2995c2aceab3fd5ab9e6a27c45475d2acd7f7e84e", size = 131959 },
    { url = "https://pypi.tuna.tsinghua.edu.cn/packages/99/94/0f7c5580d2adff3b57d36f1998725b0caf6cf1af50ceafc00c6cdbc2fef6/tree_sitter-0.23.2-cp313-cp313-manylinux_2_17_aarch64.manylinux2014_aarch64.whl", hash = "sha256:f0b609460b8e3e256361fb12e94fae5b728cb835b16f0f9d590b5aadbf9d109b", size = 557582 },
    { url = "https://pypi.tuna.tsinghua.edu.cn/packages/97/8a/f73ff06959d43fd47fc283cbcc4d8efa6550b2cc431d852b184504992447/tree_sitter-0.23.2-cp313-cp313-manylinux_2_17_x86_64.manylinux2014_x86_64.whl", hash = "sha256:78d070d8eaeaeb36cf535f55e5578fddbfc3bf53c1980f58bf1a99d57466b3b5", size = 570891 },
    { url = "https://pypi.tuna.tsinghua.edu.cn/packages/b8/86/bbda5ad09b88051ff7bf3275622a2f79bc4f728b4c283ff8b93b8fcdf36d/tree_sitter-0.23.2-cp313-cp313-musllinux_1_2_aarch64.whl", hash = "sha256:878580b2ad5054c410ba3418edca4d34c81cc26706114d8f5b5541688bc2d785", size = 562343 },
    { url = "https://pypi.tuna.tsinghua.edu.cn/packages/ca/55/b404fa49cb5c2926ad6fe1cac033dd486ef69f1afeb7828452d21e1e05c1/tree_sitter-0.23.2-cp313-cp313-musllinux_1_2_x86_64.whl", hash = "sha256:29224bdc2a3b9af535b7725e249d3ee291b2e90708e82832e73acc175e40dc48", size = 574407 },
    { url = "https://pypi.tuna.tsinghua.edu.cn/packages/c2/c8/eea2104443ab973091107ef3e730683bd8e6cb51dd025cef853d3fff9dae/tree_sitter-0.23.2-cp313-cp313-win_amd64.whl", hash = "sha256:c58d89348162fbc3aea1fe6511a66ee189fc0e4e4bbe937026f29e4ecef17763", size = 117854 },
    { url = "https://pypi.tuna.tsinghua.edu.cn/packages/89/4d/1728d9ce32a1d851081911b7e47830f5e740431f2bb920f54bb8c26175bc/tree_sitter-0.23.2-cp313-cp313-win_arm64.whl", hash = "sha256:0ff2037be5edab7801de3f6a721b9cf010853f612e2008ee454e0e0badb225a6", size = 102492 },
    { url = "https://pypi.tuna.tsinghua.edu.cn/packages/cb/ab/b39173a47d498cc6276e303c865f4a222134ceae890bd3c1b29427489805/tree_sitter-0.23.2-cp39-cp39-macosx_10_9_x86_64.whl", hash = "sha256:a5db8e585205faef8bf219da77d8993e2ef04d08eda2e3c8ad7e4df8297ee344", size = 139550 },
    { url = "https://pypi.tuna.tsinghua.edu.cn/packages/4c/34/fa8f5b862dd7a6014fd5578810178e8f7601830cabb6d65d2aba050c2df1/tree_sitter-0.23.2-cp39-cp39-macosx_11_0_arm64.whl", hash = "sha256:9dbd110a30cf28be5da734ae4cd0e9031768228dbf6a79f2973962aa51de4ec7", size = 132686 },
    { url = "https://pypi.tuna.tsinghua.edu.cn/packages/98/b9/ccdddf35705fc23395caa71557f767e0753d38afe4b5bb99efddbf62bb22/tree_sitter-0.23.2-cp39-cp39-manylinux_2_17_aarch64.manylinux2014_aarch64.whl", hash = "sha256:569514b9a996a0fd458b3a891c46ca125298be0c03cf82f2b6f0c13d5d8f25dc", size = 554958 },
    { url = "https://pypi.tuna.tsinghua.edu.cn/packages/8d/ba/20ae9079bdfc5cfac28b39d945a6c354c8e1385e73aec8142db6c53b635c/tree_sitter-0.23.2-cp39-cp39-manylinux_2_17_x86_64.manylinux2014_x86_64.whl", hash = "sha256:a357ed98a74e47787b812df99a74a2c35c0fe11e55c2095cc01d1cad144ef552", size = 568162 },
    { url = "https://pypi.tuna.tsinghua.edu.cn/packages/40/00/b16bf6cf88c47c1b6c8e1cce1eb9e90badb5db9e5252ae0970d858d02592/tree_sitter-0.23.2-cp39-cp39-musllinux_1_2_aarch64.whl", hash = "sha256:c2dfb8e8f760f4cc67888d03ef9e2dbd3353245f67f5efba375c2a14d944ac0e", size = 560278 },
    { url = "https://pypi.tuna.tsinghua.edu.cn/packages/7a/8f/27ab9b96cc0261af78b080ec8a9846a38e216360ec38774ea27eba35bd3c/tree_sitter-0.23.2-cp39-cp39-musllinux_1_2_x86_64.whl", hash = "sha256:3ead958df87a21d706903987e665e9e0e5df7b2c5021ff69ea349826840adc6a", size = 571255 },
    { url = "https://pypi.tuna.tsinghua.edu.cn/packages/44/e0/95a3d66a7e5bb229574484ab10c6dc99d1c7a32972b890d194076e30dc4f/tree_sitter-0.23.2-cp39-cp39-win_amd64.whl", hash = "sha256:611cae16be332213c0e6ece72c0bfca202e30ff320a8b309b1526c6cb79ee4ba", size = 118232 },
    { url = "https://pypi.tuna.tsinghua.edu.cn/packages/10/b5/9eaf794fc71490573ab14a366affca415bc1ddbf86a14d78e54583db4254/tree_sitter-0.23.2-cp39-cp39-win_arm64.whl", hash = "sha256:b848e0fdd522fbb8888cdb4f4d93f8fad97ae10d70c122fb922e51363c7febcd", size = 102787 },
]

[[package]]
name = "tree-sitter"
version = "0.25.2"
source = { registry = "https://pypi.tuna.tsinghua.edu.cn/simple" }
resolution-markers = [
    "python_full_version >= '3.10'",
]
sdist = { url = "https://pypi.tuna.tsinghua.edu.cn/packages/66/7c/0350cfc47faadc0d3cf7d8237a4e34032b3014ddf4a12ded9933e1648b55/tree-sitter-0.25.2.tar.gz", hash = "sha256:fe43c158555da46723b28b52e058ad444195afd1db3ca7720c59a254544e9c20", size = 177961 }
wheels = [
    { url = "https://pypi.tuna.tsinghua.edu.cn/packages/e2/d4/f7ffb855cb039b7568aba4911fbe42e4c39c0e4398387c8e0d8251489992/tree_sitter-0.25.2-cp310-cp310-macosx_10_9_x86_64.whl", hash = "sha256:72a510931c3c25f134aac2daf4eb4feca99ffe37a35896d7150e50ac3eee06c7", size = 146749 },
    { url = "https://pypi.tuna.tsinghua.edu.cn/packages/9a/58/f8a107f9f89700c0ab2930f1315e63bdedccbb5fd1b10fcbc5ebadd54ac8/tree_sitter-0.25.2-cp310-cp310-macosx_11_0_arm64.whl", hash = "sha256:44488e0e78146f87baaa009736886516779253d6d6bac3ef636ede72bc6a8234", size = 137766 },
    { url = "https://pypi.tuna.tsinghua.edu.cn/packages/19/fb/357158d39f01699faea466e8fd5a849f5a30252c68414bddc20357a9ac79/tree_sitter-0.25.2-cp310-cp310-manylinux2014_aarch64.manylinux_2_17_aarch64.manylinux_2_28_aarch64.whl", hash = "sha256:c2f8e7d6b2f8489d4a9885e3adcaef4bc5ff0a275acd990f120e29c4ab3395c5", size = 599809 },
    { url = "https://pypi.tuna.tsinghua.edu.cn/packages/c5/a4/68ae301626f2393a62119481cb660eb93504a524fc741a6f1528a4568cf6/tree_sitter-0.25.2-cp310-cp310-manylinux2014_x86_64.manylinux_2_17_x86_64.manylinux_2_28_x86_64.whl", hash = "sha256:20b570690f87f1da424cd690e51cc56728d21d63f4abd4b326d382a30353acc7", size = 627676 },
    { url = "https://pypi.tuna.tsinghua.edu.cn/packages/69/fe/4c1bef37db5ca8b17ca0b3070f2dff509468a50b3af18f17665adcab42b9/tree_sitter-0.25.2-cp310-cp310-musllinux_1_2_x86_64.whl", hash = "sha256:a0ec41b895da717bc218a42a3a7a0bfcfe9a213d7afaa4255353901e0e21f696", size = 624281 },
    { url = "https://pypi.tuna.tsinghua.edu.cn/packages/d4/30/3283cb7fa251cae2a0bf8661658021a789810db3ab1b0569482d4a3671fd/tree_sitter-0.25.2-cp310-cp310-win_amd64.whl", hash = "sha256:7712335855b2307a21ae86efe949c76be36c6068d76df34faa27ce9ee40ff444", size = 127295 },
    { url = "https://pypi.tuna.tsinghua.edu.cn/packages/88/90/ceb05e6de281aebe82b68662890619580d4ffe09283ebd2ceabcf5df7b4a/tree_sitter-0.25.2-cp310-cp310-win_arm64.whl", hash = "sha256:a925364eb7fbb9cdce55a9868f7525a1905af512a559303bd54ef468fd88cb37", size = 113991 },
    { url = "https://pypi.tuna.tsinghua.edu.cn/packages/7c/22/88a1e00b906d26fa8a075dd19c6c3116997cb884bf1b3c023deb065a344d/tree_sitter-0.25.2-cp311-cp311-macosx_10_9_x86_64.whl", hash = "sha256:b8ca72d841215b6573ed0655b3a5cd1133f9b69a6fa561aecad40dca9029d75b", size = 146752 },
    { url = "https://pypi.tuna.tsinghua.edu.cn/packages/57/1c/22cc14f3910017b7a76d7358df5cd315a84fe0c7f6f7b443b49db2e2790d/tree_sitter-0.25.2-cp311-cp311-macosx_11_0_arm64.whl", hash = "sha256:cc0351cfe5022cec5a77645f647f92a936b38850346ed3f6d6babfbeeeca4d26", size = 137765 },
    { url = "https://pypi.tuna.tsinghua.edu.cn/packages/1c/0c/d0de46ded7d5b34631e0f630d9866dab22d3183195bf0f3b81de406d6622/tree_sitter-0.25.2-cp311-cp311-manylinux2014_aarch64.manylinux_2_17_aarch64.manylinux_2_28_aarch64.whl", hash = "sha256:1799609636c0193e16c38f366bda5af15b1ce476df79ddaae7dd274df9e44266", size = 604643 },
    { url = "https://pypi.tuna.tsinghua.edu.cn/packages/34/38/b735a58c1c2f60a168a678ca27b4c1a9df725d0bf2d1a8a1c571c033111e/tree_sitter-0.25.2-cp311-cp311-manylinux2014_x86_64.manylinux_2_17_x86_64.manylinux_2_28_x86_64.whl", hash = "sha256:3e65ae456ad0d210ee71a89ee112ac7e72e6c2e5aac1b95846ecc7afa68a194c", size = 632229 },
    { url = "https://pypi.tuna.tsinghua.edu.cn/packages/32/f6/cda1e1e6cbff5e28d8433578e2556d7ba0b0209d95a796128155b97e7693/tree_sitter-0.25.2-cp311-cp311-musllinux_1_2_x86_64.whl", hash = "sha256:49ee3c348caa459244ec437ccc7ff3831f35977d143f65311572b8ba0a5f265f", size = 629861 },
    { url = "https://pypi.tuna.tsinghua.edu.cn/packages/f9/19/427e5943b276a0dd74c2a1f1d7a7393443f13d1ee47dedb3f8127903c080/tree_sitter-0.25.2-cp311-cp311-win_amd64.whl", hash = "sha256:56ac6602c7d09c2c507c55e58dc7026b8988e0475bd0002f8a386cce5e8e8adc", size = 127304 },
    { url = "https://pypi.tuna.tsinghua.edu.cn/packages/eb/d9/eef856dc15f784d85d1397a17f3ee0f82df7778efce9e1961203abfe376a/tree_sitter-0.25.2-cp311-cp311-win_arm64.whl", hash = "sha256:b3d11a3a3ac89bb8a2543d75597f905a9926f9c806f40fcca8242922d1cc6ad5", size = 113990 },
    { url = "https://pypi.tuna.tsinghua.edu.cn/packages/3c/9e/20c2a00a862f1c2897a436b17edb774e831b22218083b459d0d081c9db33/tree_sitter-0.25.2-cp312-cp312-macosx_10_13_x86_64.whl", hash = "sha256:ddabfff809ffc983fc9963455ba1cecc90295803e06e140a4c83e94c1fa3d960", size = 146941 },
    { url = "https://pypi.tuna.tsinghua.edu.cn/packages/ef/04/8512e2062e652a1016e840ce36ba1cc33258b0dcc4e500d8089b4054afec/tree_sitter-0.25.2-cp312-cp312-macosx_11_0_arm64.whl", hash = "sha256:c0c0ab5f94938a23fe81928a21cc0fac44143133ccc4eb7eeb1b92f84748331c", size = 137699 },
    { url = "https://pypi.tuna.tsinghua.edu.cn/packages/47/8a/d48c0414db19307b0fb3bb10d76a3a0cbe275bb293f145ee7fba2abd668e/tree_sitter-0.25.2-cp312-cp312-manylinux2014_aarch64.manylinux_2_17_aarch64.manylinux_2_28_aarch64.whl", hash = "sha256:dd12d80d91d4114ca097626eb82714618dcdfacd6a5e0955216c6485c350ef99", size = 607125 },
    { url = "https://pypi.tuna.tsinghua.edu.cn/packages/39/d1/b95f545e9fc5001b8a78636ef942a4e4e536580caa6a99e73dd0a02e87aa/tree_sitter-0.25.2-cp312-cp312-manylinux2014_x86_64.manylinux_2_17_x86_64.manylinux_2_28_x86_64.whl", hash = "sha256:b43a9e4c89d4d0839de27cd4d6902d33396de700e9ff4c5ab7631f277a85ead9", size = 635418 },
    { url = "https://pypi.tuna.tsinghua.edu.cn/packages/de/4d/b734bde3fb6f3513a010fa91f1f2875442cdc0382d6a949005cd84563d8f/tree_sitter-0.25.2-cp312-cp312-musllinux_1_2_x86_64.whl", hash = "sha256:fbb1706407c0e451c4f8cc016fec27d72d4b211fdd3173320b1ada7a6c74c3ac", size = 631250 },
    { url = "https://pypi.tuna.tsinghua.edu.cn/packages/46/f2/5f654994f36d10c64d50a192239599fcae46677491c8dd53e7579c35a3e3/tree_sitter-0.25.2-cp312-cp312-win_amd64.whl", hash = "sha256:6d0302550bbe4620a5dc7649517c4409d74ef18558276ce758419cf09e578897", size = 127156 },
    { url = "https://pypi.tuna.tsinghua.edu.cn/packages/67/23/148c468d410efcf0a9535272d81c258d840c27b34781d625f1f627e2e27d/tree_sitter-0.25.2-cp312-cp312-win_arm64.whl", hash = "sha256:0c8b6682cac77e37cfe5cf7ec388844957f48b7bd8d6321d0ca2d852994e10d5", size = 113984 },
    { url = "https://pypi.tuna.tsinghua.edu.cn/packages/8c/67/67492014ce32729b63d7ef318a19f9cfedd855d677de5773476caf771e96/tree_sitter-0.25.2-cp313-cp313-macosx_10_13_x86_64.whl", hash = "sha256:0628671f0de69bb279558ef6b640bcfc97864fe0026d840f872728a86cd6b6cd", size = 146926 },
    { url = "https://pypi.tuna.tsinghua.edu.cn/packages/4e/9c/a278b15e6b263e86c5e301c82a60923fa7c59d44f78d7a110a89a413e640/tree_sitter-0.25.2-cp313-cp313-macosx_11_0_arm64.whl", hash = "sha256:f5ddcd3e291a749b62521f71fc953f66f5fd9743973fd6dd962b092773569601", size = 137712 },
    { url = "https://pypi.tuna.tsinghua.edu.cn/packages/54/9a/423bba15d2bf6473ba67846ba5244b988cd97a4b1ea2b146822162256794/tree_sitter-0.25.2-cp313-cp313-manylinux2014_aarch64.manylinux_2_17_aarch64.manylinux_2_28_aarch64.whl", hash = "sha256:bd88fbb0f6c3a0f28f0a68d72df88e9755cf5215bae146f5a1bdc8362b772053", size = 607873 },
    { url = "https://pypi.tuna.tsinghua.edu.cn/packages/ed/4c/b430d2cb43f8badfb3a3fa9d6cd7c8247698187b5674008c9d67b2a90c8e/tree_sitter-0.25.2-cp313-cp313-manylinux2014_x86_64.manylinux_2_17_x86_64.manylinux_2_28_x86_64.whl", hash = "sha256:b878e296e63661c8e124177cc3084b041ba3f5936b43076d57c487822426f614", size = 636313 },
    { url = "https://pypi.tuna.tsinghua.edu.cn/packages/9d/27/5f97098dbba807331d666a0997662e82d066e84b17d92efab575d283822f/tree_sitter-0.25.2-cp313-cp313-musllinux_1_2_x86_64.whl", hash = "sha256:d77605e0d353ba3fe5627e5490f0fbfe44141bafa4478d88ef7954a61a848dae", size = 631370 },
    { url = "https://pypi.tuna.tsinghua.edu.cn/packages/d4/3c/87caaed663fabc35e18dc704cd0e9800a0ee2f22bd18b9cbe7c10799895d/tree_sitter-0.25.2-cp313-cp313-win_amd64.whl", hash = "sha256:463c032bd02052d934daa5f45d183e0521ceb783c2548501cf034b0beba92c9b", size = 127157 },
    { url = "https://pypi.tuna.tsinghua.edu.cn/packages/d5/23/f8467b408b7988aff4ea40946a4bd1a2c1a73d17156a9d039bbaff1e2ceb/tree_sitter-0.25.2-cp313-cp313-win_arm64.whl", hash = "sha256:b3f63a1796886249bd22c559a5944d64d05d43f2be72961624278eff0dcc5cb8", size = 113975 },
    { url = "https://pypi.tuna.tsinghua.edu.cn/packages/07/e3/d9526ba71dfbbe4eba5e51d89432b4b333a49a1e70712aa5590cd22fc74f/tree_sitter-0.25.2-cp314-cp314-macosx_10_13_x86_64.whl", hash = "sha256:65d3c931013ea798b502782acab986bbf47ba2c452610ab0776cf4a8ef150fc0", size = 146776 },
    { url = "https://pypi.tuna.tsinghua.edu.cn/packages/42/97/4bd4ad97f85a23011dd8a535534bb1035c4e0bac1234d58f438e15cff51f/tree_sitter-0.25.2-cp314-cp314-macosx_11_0_arm64.whl", hash = "sha256:bda059af9d621918efb813b22fb06b3fe00c3e94079c6143fcb2c565eb44cb87", size = 137732 },
    { url = "https://pypi.tuna.tsinghua.edu.cn/packages/b6/19/1e968aa0b1b567988ed522f836498a6a9529a74aab15f09dd9ac1e41f505/tree_sitter-0.25.2-cp314-cp314-manylinux2014_aarch64.manylinux_2_17_aarch64.manylinux_2_28_aarch64.whl", hash = "sha256:eac4e8e4c7060c75f395feec46421eb61212cb73998dbe004b7384724f3682ab", size = 609456 },
    { url = "https://pypi.tuna.tsinghua.edu.cn/packages/48/b6/cf08f4f20f4c9094006ef8828555484e842fc468827ad6e56011ab668dbd/tree_sitter-0.25.2-cp314-cp314-manylinux2014_x86_64.manylinux_2_17_x86_64.manylinux_2_28_x86_64.whl", hash = "sha256:260586381b23be33b6191a07cea3d44ecbd6c01aa4c6b027a0439145fcbc3358", size = 636772 },
    { url = "https://pypi.tuna.tsinghua.edu.cn/packages/57/e2/d42d55bf56360987c32bc7b16adb06744e425670b823fb8a5786a1cea991/tree_sitter-0.25.2-cp314-cp314-musllinux_1_2_x86_64.whl", hash = "sha256:7d2ee1acbacebe50ba0f85fff1bc05e65d877958f00880f49f9b2af38dce1af0", size = 631522 },
    { url = "https://pypi.tuna.tsinghua.edu.cn/packages/03/87/af9604ebe275a9345d88c3ace0cf2a1341aa3f8ef49dd9fc11662132df8a/tree_sitter-0.25.2-cp314-cp314-win_amd64.whl", hash = "sha256:4973b718fcadfb04e59e746abfbb0288694159c6aeecd2add59320c03368c721", size = 130864 },
    { url = "https://pypi.tuna.tsinghua.edu.cn/packages/a6/6e/e64621037357acb83d912276ffd30a859ef117f9c680f2e3cb955f47c680/tree_sitter-0.25.2-cp314-cp314-win_arm64.whl", hash = "sha256:b8d4429954a3beb3e844e2872610d2a4800ba4eb42bb1990c6a4b1949b18459f", size = 117470 },
]

[[package]]
name = "tree-sitter-asciimath"
version = "0.0.1"
source = { editable = "." }
dependencies = [
    { name = "objprint", version = "0.2.3", source = { registry = "https://pypi.tuna.tsinghua.edu.cn/simple" }, marker = "python_full_version < '3.9'" },
    { name = "objprint", version = "0.3.0", source = { registry = "https://pypi.tuna.tsinghua.edu.cn/simple" }, marker = "python_full_version >= '3.9'" },
    { name = "tree-sitter", version = "0.21.3", source = { registry = "https://pypi.tuna.tsinghua.edu.cn/simple" }, marker = "python_full_version < '3.9'" },
    { name = "tree-sitter", version = "0.23.2", source = { registry = "https://pypi.tuna.tsinghua.edu.cn/simple" }, marker = "python_full_version == '3.9.*'" },
    { name = "tree-sitter", version = "0.25.2", source = { registry = "https://pypi.tuna.tsinghua.edu.cn/simple" }, marker = "python_full_version >= '3.10'" },
]

[package.optional-dependencies]
core = [
    { name = "tree-sitter", version = "0.21.3", source = { registry = "https://pypi.tuna.tsinghua.edu.cn/simple" }, marker = "python_full_version < '3.9'" },
    { name = "tree-sitter", version = "0.23.2", source = { registry = "https://pypi.tuna.tsinghua.edu.cn/simple" }, marker = "python_full_version == '3.9.*'" },
    { name = "tree-sitter", version = "0.25.2", source = { registry = "https://pypi.tuna.tsinghua.edu.cn/simple" }, marker = "python_full_version >= '3.10'" },
]

[package.metadata]
requires-dist = [
    { name = "objprint", specifier = ">=0.2.3" },
    { name = "tree-sitter", specifier = ">=0.21.3" },
    { name = "tree-sitter", marker = "extra == 'core'", specifier = "~=0.21" },
]
